github.com/NorwayLobster/gomodone v0.0.0-20211102074849-5d322c6e33f6 h1:l/QvVn0KsL1gZMWKpHNWk5LssDjXhNTlvosw8CE1/xw=
github.com/NorwayLobster/gomodone v0.0.0-20211102074849-5d322c6e33f6/go.mod h1:5DI6vWnbrBrhCRrAYlqArb8snJChAr+yKlPPvA46tFo=
github.com/NorwayLobster/moduletest v1.0.1 h1:/CIAMUYnjR5nJI+jnC3Jt+78RchdOfvUXlcPrhfXtB0=
github.com/fyf2173/moduledependencytest v1.0.0 h1:FI5dr1sO/2x11zIg7/gia4EXNgJC1iU2MlkTlo+gk0g=
github.com/fyf2173/moduledependencytest v1.0.0/go.mod h1:RrbOG2VU+Ogf5XXYW/hCmApZs4EVYBzOTH2C1YnPRak=
